Microsoft Visual Studio Solution File, Format Version 12.00
# Visual Studio Version 17
VisualStudioVersion = 17.5.2.0
MinimumVisualStudioVersion = 10.0.40219.1
Project("{FAE04EC0-301F-11D3-BF4B-00C04F79EFBC}") = "NERBABO.ApiService", "NERBABO.ApiService.csproj", "{C175C681-1DC7-C3AA-C6CF-E8EF0017AA4E}"
EndProject
Global
	GlobalSection(SolutionConfigurationPlatforms) = preSolution
		Debug|Any CPU = Debug|Any CPU
		Release|Any CPU = Release|Any CPU
	EndGlobalSection
	GlobalSection(ProjectConfigurationPlatforms) = postSolution
		{C175C681-1DC7-C3AA-C6CF-E8EF0017AA4E}.Debug|Any CPU.ActiveCfg = Debug|Any CPU
		{C175C681-1DC7-C3AA-C6CF-E8EF0017AA4E}.Debug|Any CPU.Build.0 = Debug|Any CPU
		{C175C681-1DC7-C3AA-C6CF-E8EF0017AA4E}.Release|Any CPU.ActiveCfg = Release|Any CPU
		{C175C681-1DC7-C3AA-C6CF-E8EF0017AA4E}.Release|Any CPU.Build.0 = Release|Any CPU
	EndGlobalSection
	GlobalSection(SolutionProperties) = preSolution
		HideSolutionNode = FALSE
	EndGlobalSection
	GlobalSection(ExtensibilityGlobals) = postSolution
		SolutionGuid = {E4C3C5C9-8057-488A-AD10-9FE1B5C856A7}
	EndGlobalSection
EndGlobal
